
Microsoft Visual Studio Solution File, Format Version 12.00
# Visual Studio Version 17
Project("{8BC9CEB8-8B4A-11D0-8D11-00A0C91BC942}") = "ALL_BUILD", "ALL_BUILD.vcxproj", "{A9023E0E-AAF0-3F75-B580-0E279EDCCE42}"
	ProjectSection(ProjectDependencies) = postProject
		{770A0EAE-8FA8-3F6B-96A4-3B94BDB588C4} = {770A0EAE-8FA8-3F6B-96A4-3B94BDB588C4}
		{2256EA8C-D5EE-3D20-A7CF-57220D625982} = {2256EA8C-D5EE-3D20-A7CF-57220D625982}
		{B5E04C8A-5CB9-3373-A12B-965C5BFCA74D} = {B5E04C8A-5CB9-3373-A12B-965C5BFCA74D}
		{A310A8F2-8AC0-3A0C-A8AB-72EB51B12B11} = {A310A8F2-8AC0-3A0C-A8AB-72EB51B12B11}
		{1EB8A870-5932-3EE3-9CF0-005A94A11B5F} = {1EB8A870-5932-3EE3-9CF0-005A94A11B5F}
		{348D276F-21E3-3A92-B05E-4BCBF06C310F} = {348D276F-21E3-3A92-B05E-4BCBF06C310F}
	EndProjectSection
EndProject
Project("{8BC9CEB8-8B4A-11D0-8D11-00A0C91BC942}") = "ZERO_CHECK", "ZERO_CHECK.vcxproj", "{770A0EAE-8FA8-3F6B-96A4-3B94BDB588C4}"
	ProjectSection(ProjectDependencies) = postProject
	EndProjectSection
EndProject
Project("{8BC9CEB8-8B4A-11D0-8D11-00A0C91BC942}") = "gtest", "gtest\gtest.vcxproj", "{2256EA8C-D5EE-3D20-A7CF-57220D625982}"
	ProjectSection(ProjectDependencies) = postProject
		{770A0EAE-8FA8-3F6B-96A4-3B94BDB588C4} = {770A0EAE-8FA8-3F6B-96A4-3B94BDB588C4}
	EndProjectSection
EndProject
Project("{8BC9CEB8-8B4A-11D0-8D11-00A0C91BC942}") = "listlib", "listlib\listlib.vcxproj", "{B5E04C8A-5CB9-3373-A12B-965C5BFCA74D}"
	ProjectSection(ProjectDependencies) = postProject
		{770A0EAE-8FA8-3F6B-96A4-3B94BDB588C4} = {770A0EAE-8FA8-3F6B-96A4-3B94BDB588C4}
	EndProjectSection
EndProject
Project("{8BC9CEB8-8B4A-11D0-8D11-00A0C91BC942}") = "polinom", "polinom\polinom.vcxproj", "{A310A8F2-8AC0-3A0C-A8AB-72EB51B12B11}"
	ProjectSection(ProjectDependencies) = postProject
		{770A0EAE-8FA8-3F6B-96A4-3B94BDB588C4} = {770A0EAE-8FA8-3F6B-96A4-3B94BDB588C4}
		{B5E04C8A-5CB9-3373-A12B-965C5BFCA74D} = {B5E04C8A-5CB9-3373-A12B-965C5BFCA74D}
		{1EB8A870-5932-3EE3-9CF0-005A94A11B5F} = {1EB8A870-5932-3EE3-9CF0-005A94A11B5F}
	EndProjectSection
EndProject
Project("{8BC9CEB8-8B4A-11D0-8D11-00A0C91BC942}") = "polinomlib", "polinomlib\polinomlib.vcxproj", "{1EB8A870-5932-3EE3-9CF0-005A94A11B5F}"
	ProjectSection(ProjectDependencies) = postProject
		{770A0EAE-8FA8-3F6B-96A4-3B94BDB588C4} = {770A0EAE-8FA8-3F6B-96A4-3B94BDB588C4}
	EndProjectSection
EndProject
Project("{8BC9CEB8-8B4A-11D0-8D11-00A0C91BC942}") = "polinomtest", "polinomtest\polinomtest.vcxproj", "{348D276F-21E3-3A92-B05E-4BCBF06C310F}"
	ProjectSection(ProjectDependencies) = postProject
		{770A0EAE-8FA8-3F6B-96A4-3B94BDB588C4} = {770A0EAE-8FA8-3F6B-96A4-3B94BDB588C4}
		{2256EA8C-D5EE-3D20-A7CF-57220D625982} = {2256EA8C-D5EE-3D20-A7CF-57220D625982}
		{B5E04C8A-5CB9-3373-A12B-965C5BFCA74D} = {B5E04C8A-5CB9-3373-A12B-965C5BFCA74D}
		{1EB8A870-5932-3EE3-9CF0-005A94A11B5F} = {1EB8A870-5932-3EE3-9CF0-005A94A11B5F}
	EndProjectSection
EndProject
Global
	GlobalSection(SolutionConfigurationPlatforms) = preSolution
		Debug|x64 = Debug|x64
		Release|x64 = Release|x64
	EndGlobalSection
	GlobalSection(ProjectConfigurationPlatforms) = postSolution
		{A9023E0E-AAF0-3F75-B580-0E279EDCCE42}.Debug|x64.ActiveCfg = Debug|x64
		{A9023E0E-AAF0-3F75-B580-0E279EDCCE42}.Release|x64.ActiveCfg = Release|x64
		{770A0EAE-8FA8-3F6B-96A4-3B94BDB588C4}.Debug|x64.ActiveCfg = Debug|x64
		{770A0EAE-8FA8-3F6B-96A4-3B94BDB588C4}.Debug|x64.Build.0 = Debug|x64
		{770A0EAE-8FA8-3F6B-96A4-3B94BDB588C4}.Release|x64.ActiveCfg = Release|x64
		{770A0EAE-8FA8-3F6B-96A4-3B94BDB588C4}.Release|x64.Build.0 = Release|x64
		{2256EA8C-D5EE-3D20-A7CF-57220D625982}.Debug|x64.ActiveCfg = Debug|x64
		{2256EA8C-D5EE-3D20-A7CF-57220D625982}.Debug|x64.Build.0 = Debug|x64
		{2256EA8C-D5EE-3D20-A7CF-57220D625982}.Release|x64.ActiveCfg = Release|x64
		{2256EA8C-D5EE-3D20-A7CF-57220D625982}.Release|x64.Build.0 = Release|x64
		{B5E04C8A-5CB9-3373-A12B-965C5BFCA74D}.Debug|x64.ActiveCfg = Debug|x64
		{B5E04C8A-5CB9-3373-A12B-965C5BFCA74D}.Debug|x64.Build.0 = Debug|x64
		{B5E04C8A-5CB9-3373-A12B-965C5BFCA74D}.Release|x64.ActiveCfg = Release|x64
		{B5E04C8A-5CB9-3373-A12B-965C5BFCA74D}.Release|x64.Build.0 = Release|x64
		{A310A8F2-8AC0-3A0C-A8AB-72EB51B12B11}.Debug|x64.ActiveCfg = Debug|x64
		{A310A8F2-8AC0-3A0C-A8AB-72EB51B12B11}.Debug|x64.Build.0 = Debug|x64
		{A310A8F2-8AC0-3A0C-A8AB-72EB51B12B11}.Release|x64.ActiveCfg = Release|x64
		{A310A8F2-8AC0-3A0C-A8AB-72EB51B12B11}.Release|x64.Build.0 = Release|x64
		{1EB8A870-5932-3EE3-9CF0-005A94A11B5F}.Debug|x64.ActiveCfg = Debug|x64
		{1EB8A870-5932-3EE3-9CF0-005A94A11B5F}.Debug|x64.Build.0 = Debug|x64
		{1EB8A870-5932-3EE3-9CF0-005A94A11B5F}.Release|x64.ActiveCfg = Release|x64
		{1EB8A870-5932-3EE3-9CF0-005A94A11B5F}.Release|x64.Build.0 = Release|x64
		{348D276F-21E3-3A92-B05E-4BCBF06C310F}.Debug|x64.ActiveCfg = Debug|x64
		{348D276F-21E3-3A92-B05E-4BCBF06C310F}.Debug|x64.Build.0 = Debug|x64
		{348D276F-21E3-3A92-B05E-4BCBF06C310F}.Release|x64.ActiveCfg = Release|x64
		{348D276F-21E3-3A92-B05E-4BCBF06C310F}.Release|x64.Build.0 = Release|x64
	EndGlobalSection
	GlobalSection(ExtensibilityGlobals) = postSolution
		SolutionGuid = {58D4E13B-663E-360F-BD31-8F4E1342583A}
	EndGlobalSection
	GlobalSection(ExtensibilityAddIns) = postSolution
	EndGlobalSection
EndGlobal
